
Microsoft Visual Studio Solution File, Format Version 12.00
# Visual Studio Version 16
VisualStudioVersion = 16.0.31025.194
MinimumVisualStudioVersion = 10.0.40219.1
Project("{FAE04EC0-301F-11D3-BF4B-00C04F79EFBC}") = "TestSolution", "TestSolution\TestSolution.csproj", "{0A74065B-33AA-43B5-9C12-5579D7A50519}"
EndProject
Project("{FAE04EC0-301F-11D3-BF4B-00C04F79EFBC}") = "FigureArea", "FigureArea\FigureArea.csproj", "{7DF2D419-B8C4-40AF-9FA8-522BBC9B8B42}"
EndProject
Project("{FAE04EC0-301F-11D3-BF4B-00C04F79EFBC}") = "FigureArea.UnitTests", "Testing\FigureArea.UnitTests\FigureArea.UnitTests.csproj", "{0E0C7FF0-A735-4E0F-8442-5619D23F621D}"
EndProject
Global
	GlobalSection(SolutionConfigurationPlatforms) = preSolution
		Debug|Any CPU = Debug|Any CPU
		Release|Any CPU = Release|Any CPU
	EndGlobalSection
	GlobalSection(ProjectConfigurationPlatforms) = postSolution
		{0A74065B-33AA-43B5-9C12-5579D7A50519}.Debug|Any CPU.ActiveCfg = Debug|Any CPU
		{0A74065B-33AA-43B5-9C12-5579D7A50519}.Debug|Any CPU.Build.0 = Debug|Any CPU
		{0A74065B-33AA-43B5-9C12-5579D7A50519}.Release|Any CPU.ActiveCfg = Release|Any CPU
		{0A74065B-33AA-43B5-9C12-5579D7A50519}.Release|Any CPU.Build.0 = Release|Any CPU
		{7DF2D419-B8C4-40AF-9FA8-522BBC9B8B42}.Debug|Any CPU.ActiveCfg = Debug|Any CPU
		{7DF2D419-B8C4-40AF-9FA8-522BBC9B8B42}.Debug|Any CPU.Build.0 = Debug|Any CPU
		{7DF2D419-B8C4-40AF-9FA8-522BBC9B8B42}.Release|Any CPU.ActiveCfg = Release|Any CPU
		{7DF2D419-B8C4-40AF-9FA8-522BBC9B8B42}.Release|Any CPU.Build.0 = Release|Any CPU
		{0E0C7FF0-A735-4E0F-8442-5619D23F621D}.Debug|Any CPU.ActiveCfg = Debug|Any CPU
		{0E0C7FF0-A735-4E0F-8442-5619D23F621D}.Debug|Any CPU.Build.0 = Debug|Any CPU
		{0E0C7FF0-A735-4E0F-8442-5619D23F621D}.Release|Any CPU.ActiveCfg = Release|Any CPU
		{0E0C7FF0-A735-4E0F-8442-5619D23F621D}.Release|Any CPU.Build.0 = Release|Any CPU
	EndGlobalSection
	GlobalSection(SolutionProperties) = preSolution
		HideSolutionNode = FALSE
	EndGlobalSection
	GlobalSection(ExtensibilityGlobals) = postSolution
		SolutionGuid = {861C9888-7477-4CC3-8791-F6B950577AB9}
	EndGlobalSection
EndGlobal
